// !$*UTF8*$!
{
	archiveVersion = 1;
	classes = {
	};
	objectVersion = 51;
	objects = {

/* Begin PBXBuildFile section */
		4CA07DD423DAC80C002246E2 /* AppDelegate.swift in Sources */ = {isa = PBXBuildFile; fileRef = 4CA07DD323DAC80C002246E2 /* AppDelegate.swift */; };
		4CA07DD623DAC80C002246E2 /* ViewController.swift in Sources */ = {isa = PBXBuildFile; fileRef = 4CA07DD523DAC80C002246E2 /* ViewController.swift */; };
		4CA07DD923DAC80C002246E2 /* Main.storyboard in Resources */ = {isa = PBXBuildFile; fileRef = 4CA07DD723DAC80C002246E2 /* Main.storyboard */; };
		4CA07DDB23DAC80D002246E2 /* Assets.xcassets in Resources */ = {isa = PBXBuildFile; fileRef = 4CA07DDA23DAC80D002246E2 /* Assets.xcassets */; };
		4CA07DDE23DAC80D002246E2 /* LaunchScreen.storyboard in Resources */ = {isa = PBXBuildFile; fileRef = 4CA07DDC23DAC80D002246E2 /* LaunchScreen.storyboard */; };
		4CA07DEA23DAC81E002246E2 /* TwitterServiceManager.swift in Sources */ = {isa = PBXBuildFile; fileRef = 4CA07DE623DAC81E002246E2 /* TwitterServiceManager.swift */; };
		4CA07DEB23DAC81E002246E2 /* SocialShareManager.swift in Sources */ = {isa = PBXBuildFile; fileRef = 4CA07DE723DAC81E002246E2 /* SocialShareManager.swift */; };
		4CA07DEC23DAC81E002246E2 /* FacebookServiceManager.swift in Sources */ = {isa = PBXBuildFile; fileRef = 4CA07DE823DAC81E002246E2 /* FacebookServiceManager.swift */; };
		4CA07DED23DAC81E002246E2 /* SocialShareProtocol.swift in Sources */ = {isa = PBXBuildFile; fileRef = 4CA07DE923DAC81E002246E2 /* SocialShareProtocol.swift */; };
		4CA07DEF23DACB94002246E2 /* SharablePost.swift in Sources */ = {isa = PBXBuildFile; fileRef = 4CA07DEE23DACB94002246E2 /* SharablePost.swift */; };
		4CA07DF123DACC92002246E2 /* SocialMediaSharable.swift in Sources */ = {isa = PBXBuildFile; fileRef = 4CA07DF023DACC92002246E2 /* SocialMediaSharable.swift */; };
		4CB973DB23E0103D00C6A502 /* ActionSheetAlert.swift in Sources */ = {isa = PBXBuildFile; fileRef = 4CB973DA23E0102600C6A502 /* ActionSheetAlert.swift */; };
		9A8F467079F9BFA3A082364B /* Pods_SocialShareDemo.framework in Frameworks */ = {isa = PBXBuildFile; fileRef = 294EC4356A086E2FE4121F51 /* Pods_SocialShareDemo.framework */; };
/* End PBXBuildFile section */

/* Begin PBXFileReference section */
		294EC4356A086E2FE4121F51 /* Pods_SocialShareDemo.framework */ = {isa = PBXFileReference; explicitFileType = wrapper.framework; includeInIndex = 0; path = Pods_SocialShareDemo.framework; sourceTree = BUILT_PRODUCTS_DIR; };
		4CA07DD023DAC80C002246E2 /* SocialShareDemo.app */ = {isa = PBXFileReference; explicitFileType = wrapper.application; includeInIndex = 0; path = SocialShareDemo.app; sourceTree = BUILT_PRODUCTS_DIR; };
		4CA07DD323DAC80C002246E2 /* AppDelegate.swift */ = {isa = PBXFileReference; lastKnownFileType = sourcecode.swift; path = AppDelegate.swift; sourceTree = "<group>"; };
		4CA07DD523DAC80C002246E2 /* ViewController.swift */ = {isa = PBXFileReference; lastKnownFileType = sourcecode.swift; path = ViewController.swift; sourceTree = "<group>"; };
		4CA07DD823DAC80C002246E2 /* Base */ = {isa = PBXFileReference; lastKnownFileType = file.storyboard; name = Base; path = Base.lproj/Main.storyboard; sourceTree = "<group>"; };
		4CA07DDA23DAC80D002246E2 /* Assets.xcassets */ = {isa = PBXFileReference; lastKnownFileType = folder.assetcatalog; path = Assets.xcassets; sourceTree = "<group>"; };
		4CA07DDD23DAC80D002246E2 /* Base */ = {isa = PBXFileReference; lastKnownFileType = file.storyboard; name = Base; path = Base.lproj/LaunchScreen.storyboard; sourceTree = "<group>"; };
		4CA07DDF23DAC80D002246E2 /* Info.plist */ = {isa = PBXFileReference; lastKnownFileType = text.plist.xml; path = Info.plist; sourceTree = "<group>"; };
		4CA07DE623DAC81E002246E2 /* TwitterServiceManager.swift */ = {isa = PBXFileReference; fileEncoding = 4; lastKnownFileType = sourcecode.swift; path = TwitterServiceManager.swift; sourceTree = "<group>"; };
		4CA07DE723DAC81E002246E2 /* SocialShareManager.swift */ = {isa = PBXFileReference; fileEncoding = 4; lastKnownFileType = sourcecode.swift; path = SocialShareManager.swift; sourceTree = "<group>"; };
		4CA07DE823DAC81E002246E2 /* FacebookServiceManager.swift */ = {isa = PBXFileReference; fileEncoding = 4; lastKnownFileType = sourcecode.swift; path = FacebookServiceManager.swift; sourceTree = "<group>"; };
		4CA07DE923DAC81E002246E2 /* SocialShareProtocol.swift */ = {isa = PBXFileReference; fileEncoding = 4; lastKnownFileType = sourcecode.swift; path = SocialShareProtocol.swift; sourceTree = "<group>"; };
		4CA07DEE23DACB94002246E2 /* SharablePost.swift */ = {isa = PBXFileReference; lastKnownFileType = sourcecode.swift; path = SharablePost.swift; sourceTree = "<group>"; };
		4CA07DF023DACC92002246E2 /* SocialMediaSharable.swift */ = {isa = PBXFileReference; lastKnownFileType = sourcecode.swift; path = SocialMediaSharable.swift; sourceTree = "<group>"; };
		4CB973DA23E0102600C6A502 /* ActionSheetAlert.swift */ = {isa = PBXFileReference; fileEncoding = 4; lastKnownFileType = sourcecode.swift; path = ActionSheetAlert.swift; sourceTree = "<group>"; };
		60EEAD8132EEE249E7ED5FC8 /* Pods-SocialShareDemo.debug.xcconfig */ = {isa = PBXFileReference; includeInIndex = 1; lastKnownFileType = text.xcconfig; name = "Pods-SocialShareDemo.debug.xcconfig"; path = "Target Support Files/Pods-SocialShareDemo/Pods-SocialShareDemo.debug.xcconfig"; sourceTree = "<group>"; };
		AF3663D0485F47C942DAE675 /* Pods-SocialShareDemo.release.xcconfig */ = {isa = PBXFileReference; includeInIndex = 1; lastKnownFileType = text.xcconfig; name = "Pods-SocialShareDemo.release.xcconfig"; path = "Target Support Files/Pods-SocialShareDemo/Pods-SocialShareDemo.release.xcconfig"; sourceTree = "<group>"; };
/* End PBXFileReference section */

/* Begin PBXFrameworksBuildPhase section */
		4CA07DCD23DAC80C002246E2 /* Frameworks */ = {
			isa = PBXFrameworksBuildPhase;
			buildActionMask = 2147483647;
			files = (
				9A8F467079F9BFA3A082364B /* Pods_SocialShareDemo.framework in Frameworks */,
			);
			runOnlyForDeploymentPostprocessing = 0;
		};
/* End PBXFrameworksBuildPhase section */

/* Begin PBXGroup section */
		4CA07DC723DAC80C002246E2 = {
			isa = PBXGroup;
			children = (
				4CA07DD223DAC80C002246E2 /* SocialShareDemo */,
				4CA07DD123DAC80C002246E2 /* Products */,
				607D75F61794B202FEA8DA42 /* Pods */,
				FDF24E90045ADA6922E5D41B /* Frameworks */,
			);
			sourceTree = "<group>";
		};
		4CA07DD123DAC80C002246E2 /* Products */ = {
			isa = PBXGroup;
			children = (
				4CA07DD023DAC80C002246E2 /* SocialShareDemo.app */,
			);
			name = Products;
			sourceTree = "<group>";
		};
		4CA07DD223DAC80C002246E2 /* SocialShareDemo */ = {
			isa = PBXGroup;
			children = (
				4CB973D923E00FEE00C6A502 /* SKExtension */,
				4CA07DE523DAC81E002246E2 /* SocialShareManager */,
				4CA07DD323DAC80C002246E2 /* AppDelegate.swift */,
				4CA07DD523DAC80C002246E2 /* ViewController.swift */,
				4CA07DD723DAC80C002246E2 /* Main.storyboard */,
				4CA07DDA23DAC80D002246E2 /* Assets.xcassets */,
				4CA07DDC23DAC80D002246E2 /* LaunchScreen.storyboard */,
				4CA07DDF23DAC80D002246E2 /* Info.plist */,
			);
			path = SocialShareDemo;
			sourceTree = "<group>";
		};
		4CA07DE523DAC81E002246E2 /* SocialShareManager */ = {
			isa = PBXGroup;
			children = (
				4CA07DE723DAC81E002246E2 /* SocialShareManager.swift */,
				4CA07DE923DAC81E002246E2 /* SocialShareProtocol.swift */,
				4CA07DF023DACC92002246E2 /* SocialMediaSharable.swift */,
				4CA07DEE23DACB94002246E2 /* SharablePost.swift */,
				4CA07DE823DAC81E002246E2 /* FacebookServiceManager.swift */,
				4CA07DE623DAC81E002246E2 /* TwitterServiceManager.swift */,
			);
			path = SocialShareManager;
			sourceTree = "<group>";
		};
		4CB973D923E00FEE00C6A502 /* SKExtension */ = {
			isa = PBXGroup;
			children = (
				4CB973DA23E0102600C6A502 /* ActionSheetAlert.swift */,
			);
			path = SKExtension;
			sourceTree = "<group>";
		};
		607D75F61794B202FEA8DA42 /* Pods */ = {
			isa = PBXGroup;
			children = (
				60EEAD8132EEE249E7ED5FC8 /* Pods-SocialShareDemo.debug.xcconfig */,
				AF3663D0485F47C942DAE675 /* Pods-SocialShareDemo.release.xcconfig */,
			);
			path = Pods;
			sourceTree = "<group>";
		};
		FDF24E90045ADA6922E5D41B /* Frameworks */ = {
			isa = PBXGroup;
			children = (
				294EC4356A086E2FE4121F51 /* Pods_SocialShareDemo.framework */,
			);
			name = Frameworks;
			sourceTree = "<group>";
		};
/* End PBXGroup section */

/* Begin PBXNativeTarget section */
		4CA07DCF23DAC80C002246E2 /* SocialShareDemo */ = {
			isa = PBXNativeTarget;
			buildConfigurationList = 4CA07DE223DAC80D002246E2 /* Build configuration list for PBXNativeTarget "SocialShareDemo" */;
			buildPhases = (
				D7AA17C45E4650C074FB7E33 /* [CP] Check Pods Manifest.lock */,
				4CA07DCC23DAC80C002246E2 /* Sources */,
				4CA07DCD23DAC80C002246E2 /* Frameworks */,
				4CA07DCE23DAC80C002246E2 /* Resources */,
				9AC242493CA2F15C1658881F /* [CP] Embed Pods Frameworks */,
			);
			buildRules = (
			);
			dependencies = (
			);
			name = SocialShareDemo;
			productName = SocialShareDemo;
			productReference = 4CA07DD023DAC80C002246E2 /* SocialShareDemo.app */;
			productType = "com.apple.product-type.application";
		};
/* End PBXNativeTarget section */

/* Begin PBXProject section */
		4CA07DC823DAC80C002246E2 /* Project object */ = {
			isa = PBXProject;
			attributes = {
				LastSwiftUpdateCheck = 1010;
				LastUpgradeCheck = 1010;
				ORGANIZATIONNAME = "Shantaram K";
				TargetAttributes = {
					4CA07DCF23DAC80C002246E2 = {
						CreatedOnToolsVersion = 10.1;
					};
				};
			};
			buildConfigurationList = 4CA07DCB23DAC80C002246E2 /* Build configuration list for PBXProject "SocialShareDemo" */;
			compatibilityVersion = "Xcode 9.3";
			developmentRegion = en;
			hasScannedForEncodings = 0;
			knownRegions = (
				en,
				Base,
			);
			mainGroup = 4CA07DC723DAC80C002246E2;
			productRefGroup = 4CA07DD123DAC80C002246E2 /* Products */;
			projectDirPath = "";
			projectRoot = "";
			targets = (
				4CA07DCF23DAC80C002246E2 /* SocialShareDemo */,
			);
		};
/* End PBXProject section */

/* Begin PBXResourcesBuildPhase section */
		4CA07DCE23DAC80C002246E2 /* Resources */ = {
			isa = PBXResourcesBuildPhase;
			buildActionMask = 2147483647;
			files = (
				4CA07DDE23DAC80D002246E2 /* LaunchScreen.storyboard in Resources */,
				4CA07DDB23DAC80D002246E2 /* Assets.xcassets in Resources */,
				4CA07DD923DAC80C002246E2 /* Main.storyboard in Resources */,
			);
			runOnlyForDeploymentPostprocessing = 0;
		};
/* End PBXResourcesBuildPhase section */

/* Begin PBXShellScriptBuildPhase section */
		9AC242493CA2F15C1658881F /* [CP] Embed Pods Frameworks */ = {
			isa = PBXShellScriptBuildPhase;
			buildActionMask = 2147483647;
			files = (
			);
			inputFileListPaths = (
				"${PODS_ROOT}/Target Support Files/Pods-SocialShareDemo/Pods-SocialShareDemo-frameworks-${CONFIGURATION}-input-files.xcfilelist",
			);
			name = "[CP] Embed Pods Frameworks";
			outputFileListPaths = (
				"${PODS_ROOT}/Target Support Files/Pods-SocialShareDemo/Pods-SocialShareDemo-frameworks-${CONFIGURATION}-output-files.xcfilelist",
			);
			runOnlyForDeploymentPostprocessing = 0;
			shellPath = /bin/sh;
			shellScript = "\"${PODS_ROOT}/Target Support Files/Pods-SocialShareDemo/Pods-SocialShareDemo-frameworks.sh\"\n";
			showEnvVarsInLog = 0;
		};
		D7AA17C45E4650C074FB7E33 /* [CP] Check Pods Manifest.lock */ = {
			isa = PBXShellScriptBuildPhase;
			buildActionMask = 2147483647;
			files = (
			);
			inputFileListPaths = (
			);
			inputPaths = (
				"${PODS_PODFILE_DIR_PATH}/Podfile.lock",
				"${PODS_ROOT}/Manifest.lock",
			);
			name = "[CP] Check Pods Manifest.lock";
			outputFileListPaths = (
			);
			outputPaths = (
				"$(DERIVED_FILE_DIR)/Pods-SocialShareDemo-checkManifestLockResult.txt",
			);
			runOnlyForDeploymentPostprocessing = 0;
			shellPath = /bin/sh;
			shellScript = "diff \"${PODS_PODFILE_DIR_PATH}/Podfile.lock\" \"${PODS_ROOT}/Manifest.lock\" > /dev/null\nif [ $? != 0 ] ; then\n    # print error to STDERR\n    echo \"error: The sandbox is not in sync with the Podfile.lock. Run 'pod install' or update your CocoaPods installation.\" >&2\n    exit 1\nfi\n# This output is used by Xcode 'outputs' to avoid re-running this script phase.\necho \"SUCCESS\" > \"${SCRIPT_OUTPUT_FILE_0}\"\n";
			showEnvVarsInLog = 0;
		};
/* End PBXShellScriptBuildPhase section */

/* Begin PBXSourcesBuildPhase section */
		4CA07DCC23DAC80C002246E2 /* Sources */ = {
			isa = PBXSourcesBuildPhase;
			buildActionMask = 2147483647;
			files = (
				4CA07DEB23DAC81E002246E2 /* SocialShareManager.swift in Sources */,
				4CA07DF123DACC92002246E2 /* SocialMediaSharable.swift in Sources */,
				4CA07DD623DAC80C002246E2 /* ViewController.swift in Sources */,
				4CA07DEC23DAC81E002246E2 /* FacebookServiceManager.swift in Sources */,
				4CA07DEA23DAC81E002246E2 /* TwitterServiceManager.swift in Sources */,
				4CA07DED23DAC81E002246E2 /* SocialShareProtocol.swift in Sources */,
				4CB973DB23E0103D00C6A502 /* ActionSheetAlert.swift in Sources */,
				4CA07DD423DAC80C002246E2 /* AppDelegate.swift in Sources */,
				4CA07DEF23DACB94002246E2 /* SharablePost.swift in Sources */,
			);
			runOnlyForDeploymentPostprocessing = 0;
		};
/* End PBXSourcesBuildPhase section */

/* Begin PBXVariantGroup section */
		4CA07DD723DAC80C002246E2 /* Main.storyboard */ = {
			isa = PBXVariantGroup;
			children = (
				4CA07DD823DAC80C002246E2 /* Base */,
			);
			name = Main.storyboard;
			sourceTree = "<group>";
		};
		4CA07DDC23DAC80D002246E2 /* LaunchScreen.storyboard */ = {
			isa = PBXVariantGroup;
			children = (
				4CA07DDD23DAC80D002246E2 /* Base */,
			);
			name = LaunchScreen.storyboard;
			sourceTree = "<group>";
		};
/* End PBXVariantGroup section */

/* Begin XCBuildConfiguration section */
		4CA07DE023DAC80D002246E2 /* Debug */ = {
			isa = XCBuildConfiguration;
			buildSettings = {
				ALWAYS_SEARCH_USER_PATHS = NO;
				CLANG_ANALYZER_NONNULL = YES;
				CLANG_ANALYZER_NUMBER_OBJECT_CONVERSION = YES_AGGRESSIVE;
				CLANG_CXX_LANGUAGE_STANDARD = "gnu++14";
				CLANG_CXX_LIBRARY = "libc++";
				CLANG_ENABLE_MODULES = YES;
				CLANG_ENABLE_OBJC_ARC = YES;
				CLANG_ENABLE_OBJC_WEAK = YES;
				CLANG_WARN_BLOCK_CAPTURE_AUTORELEASING = YES;
				CLANG_WARN_BOOL_CONVERSION = YES;
				CLANG_WARN_COMMA = YES;
				CLANG_WARN_CONSTANT_CONVERSION = YES;
				CLANG_WARN_DEPRECATED_OBJC_IMPLEMENTATIONS = YES;
				CLANG_WARN_DIRECT_OBJC_ISA_USAGE = YES_ERROR;
				CLANG_WARN_DOCUMENTATION_COMMENTS = YES;
				CLANG_WARN_EMPTY_BODY = YES;
				CLANG_WARN_ENUM_CONVERSION = YES;
				CLANG_WARN_INFINITE_RECURSION = YES;
				CLANG_WARN_INT_CONVERSION = YES;
				CLANG_WARN_NON_LITERAL_NULL_CONVERSION = YES;
				CLANG_WARN_OBJC_IMPLICIT_RETAIN_SELF = YES;
				CLANG_WARN_OBJC_LITERAL_CONVERSION = YES;
				CLANG_WARN_OBJC_ROOT_CLASS = YES_ERROR;
				CLANG_WARN_RANGE_LOOP_ANALYSIS = YES;
				CLANG_WARN_STRICT_PROTOTYPES = YES;
				CLANG_WARN_SUSPICIOUS_MOVE = YES;
				CLANG_WARN_UNGUARDED_AVAILABILITY = YES_AGGRESSIVE;
				CLANG_WARN_UNREACHABLE_CODE = YES;
				CLANG_WARN__DUPLICATE_METHOD_MATCH = YES;
				CODE_SIGN_IDENTITY = "iPhone Developer";
				COPY_PHASE_STRIP = NO;
				DEBUG_INFORMATION_FORMAT = dwarf;
				ENABLE_STRICT_OBJC_MSGSEND = YES;
				ENABLE_TESTABILITY = YES;
				GCC_C_LANGUAGE_STANDARD = gnu11;
				GCC_DYNAMIC_NO_PIC = NO;
				GCC_NO_COMMON_BLOCKS = YES;
				GCC_OPTIMIZATION_LEVEL = 0;
				GCC_PREPROCESSOR_DEFINITIONS = (
					"DEBUG=1",
					"$(inherited)",
				);
				GCC_WARN_64_TO_32_BIT_CONVERSION = YES;
				GCC_WARN_ABOUT_RETURN_TYPE = YES_ERROR;
				GCC_WARN_UNDECLARED_SELECTOR = YES;
				GCC_WARN_UNINITIALIZED_AUTOS = YES_AGGRESSIVE;
				GCC_WARN_UNUSED_FUNCTION = YES;
				GCC_WARN_UNUSED_VARIABLE = YES;
				IPHONEOS_DEPLOYMENT_TARGET = 12.1;
				MTL_ENABLE_DEBUG_INFO = INCLUDE_SOURCE;
				MTL_FAST_MATH = YES;
				ONLY_ACTIVE_ARCH = YES;
				SDKROOT = iphoneos;
				SWIFT_ACTIVE_COMPILATION_CONDITIONS = DEBUG;
				SWIFT_OPTIMIZATION_LEVEL = "-Onone";
			};
			name = Debug;
		};
		4CA07DE123DAC80D002246E2 /* Release */ = {
			isa = XCBuildConfiguration;
			buildSettings = {
				ALWAYS_SEARCH_USER_PATHS = NO;
				CLANG_ANALYZER_NONNULL = YES;
				CLANG_ANALYZER_NUMBER_OBJECT_CONVERSION = YES_AGGRESSIVE;
				CLANG_CXX_LANGUAGE_STANDARD = "gnu++14";
				CLANG_CXX_LIBRARY = "libc++";
				CLANG_ENABLE_MODULES = YES;
				CLANG_ENABLE_OBJC_ARC = YES;
				CLANG_ENABLE_OBJC_WEAK = YES;
				CLANG_WARN_BLOCK_CAPTURE_AUTORELEASING = YES;
				CLANG_WARN_BOOL_CONVERSION = YES;
				CLANG_WARN_COMMA = YES;
				CLANG_WARN_CONSTANT_CONVERSION = YES;
				CLANG_WARN_DEPRECATED_OBJC_IMPLEMENTATIONS = YES;
				CLANG_WARN_DIRECT_OBJC_ISA_USAGE = YES_ERROR;
				CLANG_WARN_DOCUMENTATION_COMMENTS = YES;
				CLANG_WARN_EMPTY_BODY = YES;
				CLANG_WARN_ENUM_CONVERSION = YES;
				CLANG_WARN_INFINITE_RECURSION = YES;
				CLANG_WARN_INT_CONVERSION = YES;
				CLANG_WARN_NON_LITERAL_NULL_CONVERSION = YES;
				CLANG_WARN_OBJC_IMPLICIT_RETAIN_SELF = YES;
				CLANG_WARN_OBJC_LITERAL_CONVERSION = YES;
				CLANG_WARN_OBJC_ROOT_CLASS = YES_ERROR;
				CLANG_WARN_RANGE_LOOP_ANALYSIS = YES;
				CLANG_WARN_STRICT_PROTOTYPES = YES;
				CLANG_WARN_SUSPICIOUS_MOVE = YES;
				CLANG_WARN_UNGUARDED_AVAILABILITY = YES_AGGRESSIVE;
				CLANG_WARN_UNREACHABLE_CODE = YES;
				CLANG_WARN__DUPLICATE_METHOD_MATCH = YES;
				CODE_SIGN_IDENTITY = "iPhone Developer";
				COPY_PHASE_STRIP = NO;
				DEBUG_INFORMATION_FORMAT = "dwarf-with-dsym";
				ENABLE_NS_ASSERTIONS = NO;
				ENABLE_STRICT_OBJC_MSGSEND = YES;
				GCC_C_LANGUAGE_STANDARD = gnu11;
				GCC_NO_COMMON_BLOCKS = YES;
				GCC_WARN_64_TO_32_BIT_CONVERSION = YES;
				GCC_WARN_ABOUT_RETURN_TYPE = YES_ERROR;
				GCC_WARN_UNDECLARED_SELECTOR = YES;
				GCC_WARN_UNINITIALIZED_AUTOS = YES_AGGRESSIVE;
				GCC_WARN_UNUSED_FUNCTION = YES;
				GCC_WARN_UNUSED_VARIABLE = YES;
				IPHONEOS_DEPLOYMENT_TARGET = 12.1;
				MTL_ENABLE_DEBUG_INFO = NO;
				MTL_FAST_MATH = YES;
				SDKROOT = iphoneos;
				SWIFT_COMPILATION_MODE = wholemodule;
				SWIFT_OPTIMIZATION_LEVEL = "-O";
				VALIDATE_PRODUCT = YES;
			};
			name = Release;
		};
		4CA07DE323DAC80D002246E2 /* Debug */ = {
			isa = XCBuildConfiguration;
			baseConfigurationReference = 60EEAD8132EEE249E7ED5FC8 /* Pods-SocialShareDemo.debug.xcconfig */;
			buildSettings = {
				ASSETCATALOG_COMPILER_APPICON_NAME = AppIcon;
				CODE_SIGN_STYLE = Automatic;
				DEVELOPMENT_TEAM = GA4BAP9K3F;
				INFOPLIST_FILE = SocialShareDemo/Info.plist;
				LD_RUNPATH_SEARCH_PATHS = (
					"$(inherited)",
					"@executable_path/Frameworks",
				);
				PRODUCT_BUNDLE_IDENTIFIER = www.www.demo;
				PRODUCT_NAME = "$(TARGET_NAME)";
				SWIFT_VERSION = 4.0;
				TARGETED_DEVICE_FAMILY = "1,2";
			};
			name = Debug;
		};
		4CA07DE423DAC80D002246E2 /* Release */ = {
			isa = XCBuildConfiguration;
			baseConfigurationReference = AF3663D0485F47C942DAE675 /* Pods-SocialShareDemo.release.xcconfig */;
			buildSettings = {
				ASSETCATALOG_COMPILER_APPICON_NAME = AppIcon;
				CODE_SIGN_STYLE = Automatic;
				DEVELOPMENT_TEAM = GA4BAP9K3F;
				INFOPLIST_FILE = SocialShareDemo/Info.plist;
				LD_RUNPATH_SEARCH_PATHS = (
					"$(inherited)",
					"@executable_path/Frameworks",
				);
				PRODUCT_BUNDLE_IDENTIFIER = www.www.demo;
				PRODUCT_NAME = "$(TARGET_NAME)";
				SWIFT_VERSION = 4.0;
				TARGETED_DEVICE_FAMILY = "1,2";
			};
			name = Release;
		};
/* End XCBuildConfiguration section */

/* Begin XCConfigurationList section */
		4CA07DCB23DAC80C002246E2 /* Build configuration list for PBXProject "SocialShareDemo" */ = {
			isa = XCConfigurationList;
			buildConfigurations = (
				4CA07DE023DAC80D002246E2 /* Debug */,
				4CA07DE123DAC80D002246E2 /* Release */,
			);
			defaultConfigurationIsVisible = 0;
			defaultConfigurationName = Release;
		};
		4CA07DE223DAC80D002246E2 /* Build configuration list for PBXNativeTarget "SocialShareDemo" */ = {
			isa = XCConfigurationList;
			buildConfigurations = (
				4CA07DE323DAC80D002246E2 /* Debug */,
				4CA07DE423DAC80D002246E2 /* Release */,
			);
			defaultConfigurationIsVisible = 0;
			defaultConfigurationName = Release;
		};
/* End XCConfigurationList section */
	};
	rootObject = 4CA07DC823DAC80C002246E2 /* Project object */;
}
